
Microsoft Visual Studio Solution File, Format Version 12.00
# Visual Studio Version 17
VisualStudioVersion = 17.4.33403.182
MinimumVisualStudioVersion = 10.0.40219.1
Project("{FAE04EC0-301F-11D3-BF4B-00C04F79EFBC}") = "Sgs", "WindowsFormsApp1\Sgs.csproj", "{D4CFF052-C290-4D09-8A78-3F21E81C5FEA}"
EndProject
Global
	GlobalSection(SolutionConfigurationPlatforms) = preSolution
		Debug|Any CPU = Debug|Any CPU
		Release|Any CPU = Release|Any CPU
	EndGlobalSection
	GlobalSection(ProjectConfigurationPlatforms) = postSolution
		{D4CFF052-C290-4D09-8A78-3F21E81C5FEA}.Debug|Any CPU.ActiveCfg = Debug|Any CPU
		{D4CFF052-C290-4D09-8A78-3F21E81C5FEA}.Debug|Any CPU.Build.0 = Debug|Any CPU
		{D4CFF052-C290-4D09-8A78-3F21E81C5FEA}.Release|Any CPU.ActiveCfg = Release|Any CPU
		{D4CFF052-C290-4D09-8A78-3F21E81C5FEA}.Release|Any CPU.Build.0 = Release|Any CPU
	EndGlobalSection
	GlobalSection(SolutionProperties) = preSolution
		HideSolutionNode = FALSE
	EndGlobalSection
	GlobalSection(ExtensibilityGlobals) = postSolution
		SolutionGuid = {2DD995E0-F887-457C-B18F-86BC84F737B9}
	EndGlobalSection
EndGlobal
